
Microsoft Visual Studio Solution File, Format Version 12.00
# Visual Studio 15
VisualStudioVersion = 15.0.27130.2027
MinimumVisualStudioVersion = 10.0.40219.1
Project("{FAE04EC0-301F-11D3-BF4B-00C04F79EFBC}") = "Portfolio", "Portfolio\Portfolio.csproj", "{ED533326-E9B8-4346-BA3D-F53DE1B335C5}"
EndProject
Global
	GlobalSection(SolutionConfigurationPlatforms) = preSolution
		Debug|Any CPU = Debug|Any CPU
		Release|Any CPU = Release|Any CPU
	EndGlobalSection
	GlobalSection(ProjectConfigurationPlatforms) = postSolution
		{ED533326-E9B8-4346-BA3D-F53DE1B335C5}.Debug|Any CPU.ActiveCfg = Debug|Any CPU
		{ED533326-E9B8-4346-BA3D-F53DE1B335C5}.Debug|Any CPU.Build.0 = Debug|Any CPU
		{ED533326-E9B8-4346-BA3D-F53DE1B335C5}.Release|Any CPU.ActiveCfg = Release|Any CPU
		{ED533326-E9B8-4346-BA3D-F53DE1B335C5}.Release|Any CPU.Build.0 = Release|Any CPU
	EndGlobalSection
	GlobalSection(SolutionProperties) = preSolution
		HideSolutionNode = FALSE
	EndGlobalSection
	GlobalSection(ExtensibilityGlobals) = postSolution
		SolutionGuid = {7703EB20-54D8-4E01-984A-C1F2338AE073}
	EndGlobalSection
EndGlobal
